// !$*UTF8*$!
{
	archiveVersion = 1;
	classes = {
	};
	objectVersion = 46;
	objects = {

/* Begin PBXBuildFile section */
		677590DA1C906D550020BFD4 /* AppDelegate.swift in Sources */ = {isa = PBXBuildFile; fileRef = 677590D91C906D540020BFD4 /* AppDelegate.swift */; };
		677590DC1C906D550020BFD4 /* ViewController.swift in Sources */ = {isa = PBXBuildFile; fileRef = 677590DB1C906D550020BFD4 /* ViewController.swift */; };
		677590DF1C906D550020BFD4 /* Main.storyboard in Resources */ = {isa = PBXBuildFile; fileRef = 677590DD1C906D550020BFD4 /* Main.storyboard */; };
		677590E11C906D550020BFD4 /* Assets.xcassets in Resources */ = {isa = PBXBuildFile; fileRef = 677590E01C906D550020BFD4 /* Assets.xcassets */; };
		677590E41C906D550020BFD4 /* LaunchScreen.storyboard in Resources */ = {isa = PBXBuildFile; fileRef = 677590E21C906D550020BFD4 /* LaunchScreen.storyboard */; };
		677590EC1C9072D00020BFD4 /* counter.swift in Sources */ = {isa = PBXBuildFile; fileRef = 677590EB1C9072D00020BFD4 /* counter.swift */; };
		677590F21C9076270020BFD4 /* GoogleMobileAds.framework in Frameworks */ = {isa = PBXBuildFile; fileRef = 677590F11C9076270020BFD4 /* GoogleMobileAds.framework */; };
/* End PBXBuildFile section */

/* Begin PBXFileReference section */
		677590D61C906D540020BFD4 /* Counter.app */ = {isa = PBXFileReference; explicitFileType = wrapper.application; includeInIndex = 0; path = Counter.app; sourceTree = BUILT_PRODUCTS_DIR; };
		677590D91C906D540020BFD4 /* AppDelegate.swift */ = {isa = PBXFileReference; lastKnownFileType = sourcecode.swift; path = AppDelegate.swift; sourceTree = "<group>"; };
		677590DB1C906D550020BFD4 /* ViewController.swift */ = {isa = PBXFileReference; lastKnownFileType = sourcecode.swift; path = ViewController.swift; sourceTree = "<group>"; };
		677590DE1C906D550020BFD4 /* Base */ = {isa = PBXFileReference; lastKnownFileType = file.storyboard; name = Base; path = Base.lproj/Main.storyboard; sourceTree = "<group>"; };
		677590E01C906D550020BFD4 /* Assets.xcassets */ = {isa = PBXFileReference; lastKnownFileType = folder.assetcatalog; path = Assets.xcassets; sourceTree = "<group>"; };
		677590E31C906D550020BFD4 /* Base */ = {isa = PBXFileReference; lastKnownFileType = file.storyboard; name = Base; path = Base.lproj/LaunchScreen.storyboard; sourceTree = "<group>"; };
		677590E51C906D550020BFD4 /* Info.plist */ = {isa = PBXFileReference; lastKnownFileType = text.plist.xml; path = Info.plist; sourceTree = "<group>"; };
		677590EB1C9072D00020BFD4 /* counter.swift */ = {isa = PBXFileReference; fileEncoding = 4; lastKnownFileType = sourcecode.swift; path = counter.swift; sourceTree = "<group>"; };
		677590F11C9076270020BFD4 /* GoogleMobileAds.framework */ = {isa = PBXFileReference; lastKnownFileType = wrapper.framework; path = GoogleMobileAds.framework; sourceTree = "<group>"; };
/* End PBXFileReference section */

/* Begin PBXFrameworksBuildPhase section */
		677590D31C906D540020BFD4 /* Frameworks */ = {
			isa = PBXFrameworksBuildPhase;
			buildActionMask = 2147483647;
			files = (
				677590F21C9076270020BFD4 /* GoogleMobileAds.framework in Frameworks */,
			);
			runOnlyForDeploymentPostprocessing = 0;
		};
/* End PBXFrameworksBuildPhase section */

/* Begin PBXGroup section */
		677590CD1C906D540020BFD4 = {
			isa = PBXGroup;
			children = (
				677590F11C9076270020BFD4 /* GoogleMobileAds.framework */,
				677590D81C906D540020BFD4 /* Counter */,
				677590D71C906D540020BFD4 /* Products */,
			);
			sourceTree = "<group>";
		};
		677590D71C906D540020BFD4 /* Products */ = {
			isa = PBXGroup;
			children = (
				677590D61C906D540020BFD4 /* Counter.app */,
			);
			name = Products;
			sourceTree = "<group>";
		};
		677590D81C906D540020BFD4 /* Counter */ = {
			isa = PBXGroup;
			children = (
				677590D91C906D540020BFD4 /* AppDelegate.swift */,
				677590DB1C906D550020BFD4 /* ViewController.swift */,
				677590EB1C9072D00020BFD4 /* counter.swift */,
				677590DD1C906D550020BFD4 /* Main.storyboard */,
				677590E01C906D550020BFD4 /* Assets.xcassets */,
				677590E21C906D550020BFD4 /* LaunchScreen.storyboard */,
				677590E51C906D550020BFD4 /* Info.plist */,
			);
			path = Counter;
			sourceTree = "<group>";
		};
/* End PBXGroup section */

/* Begin PBXNativeTarget section */
		677590D51C906D540020BFD4 /* Counter */ = {
			isa = PBXNativeTarget;
			buildConfigurationList = 677590E81C906D550020BFD4 /* Build configuration list for PBXNativeTarget "Counter" */;
			buildPhases = (
				677590D21C906D540020BFD4 /* Sources */,
				677590D31C906D540020BFD4 /* Frameworks */,
				677590D41C906D540020BFD4 /* Resources */,
			);
			buildRules = (
			);
			dependencies = (
			);
			name = Counter;
			productName = Counter;
			productReference = 677590D61C906D540020BFD4 /* Counter.app */;
			productType = "com.apple.product-type.application";
		};
/* End PBXNativeTarget section */

/* Begin PBXProject section */
		677590CE1C906D540020BFD4 /* Project object */ = {
			isa = PBXProject;
			attributes = {
				LastSwiftUpdateCheck = 0720;
				LastUpgradeCheck = 0720;
				ORGANIZATIONNAME = "Thiago Tosetti Lopes";
				TargetAttributes = {
					677590D51C906D540020BFD4 = {
						CreatedOnToolsVersion = 7.2.1;
						DevelopmentTeam = 73CDM9NDC9;
					};
				};
			};
			buildConfigurationList = 677590D11C906D540020BFD4 /* Build configuration list for PBXProject "Counter" */;
			compatibilityVersion = "Xcode 3.2";
			developmentRegion = English;
			hasScannedForEncodings = 0;
			knownRegions = (
				en,
				Base,
			);
			mainGroup = 677590CD1C906D540020BFD4;
			productRefGroup = 677590D71C906D540020BFD4 /* Products */;
			projectDirPath = "";
			projectRoot = "";
			targets = (
				677590D51C906D540020BFD4 /* Counter */,
			);
		};
/* End PBXProject section */

/* Begin PBXResourcesBuildPhase section */
		677590D41C906D540020BFD4 /* Resources */ = {
			isa = PBXResourcesBuildPhase;
			buildActionMask = 2147483647;
			files = (
				677590E41C906D550020BFD4 /* LaunchScreen.storyboard in Resources */,
				677590E11C906D550020BFD4 /* Assets.xcassets in Resources */,
				677590DF1C906D550020BFD4 /* Main.storyboard in Resources */,
			);
			runOnlyForDeploymentPostprocessing = 0;
		};
/* End PBXResourcesBuildPhase section */

/* Begin PBXSourcesBuildPhase section */
		677590D21C906D540020BFD4 /* Sources */ = {
			isa = PBXSourcesBuildPhase;
			buildActionMask = 2147483647;
			files = (
				677590EC1C9072D00020BFD4 /* counter.swift in Sources */,
				677590DC1C906D550020BFD4 /* ViewController.swift in Sources */,
				677590DA1C906D550020BFD4 /* AppDelegate.swift in Sources */,
			);
			runOnlyForDeploymentPostprocessing = 0;
		};
/* End PBXSourcesBuildPhase section */

/* Begin PBXVariantGroup section */
		677590DD1C906D550020BFD4 /* Main.storyboard */ = {
			isa = PBXVariantGroup;
			children = (
				677590DE1C906D550020BFD4 /* Base */,
			);
			name = Main.storyboard;
			sourceTree = "<group>";
		};
		677590E21C906D550020BFD4 /* LaunchScreen.storyboard */ = {
			isa = PBXVariantGroup;
			children = (
				677590E31C906D550020BFD4 /* Base */,
			);
			name = LaunchScreen.storyboard;
			sourceTree = "<group>";
		};
/* End PBXVariantGroup section */

/* Begin XCBuildConfiguration section */
		677590E61C906D550020BFD4 /* Debug */ = {
			isa = XCBuildConfiguration;
			buildSettings = {
				ALWAYS_SEARCH_USER_PATHS = NO;
				CLANG_CXX_LANGUAGE_STANDARD = "gnu++0x";
				CLANG_CXX_LIBRARY = "libc++";
				CLANG_ENABLE_MODULES = YES;
				CLANG_ENABLE_OBJC_ARC = YES;
				CLANG_WARN_BOOL_CONVERSION = YES;
				CLANG_WARN_CONSTANT_CONVERSION = YES;
				CLANG_WARN_DIRECT_OBJC_ISA_USAGE = YES_ERROR;
				CLANG_WARN_EMPTY_BODY = YES;
				CLANG_WARN_ENUM_CONVERSION = YES;
				CLANG_WARN_INT_CONVERSION = YES;
				CLANG_WARN_OBJC_ROOT_CLASS = YES_ERROR;
				CLANG_WARN_UNREACHABLE_CODE = YES;
				CLANG_WARN__DUPLICATE_METHOD_MATCH = YES;
				"CODE_SIGN_IDENTITY[sdk=iphoneos*]" = "iPhone Developer";
				COPY_PHASE_STRIP = NO;
				DEBUG_INFORMATION_FORMAT = dwarf;
				ENABLE_STRICT_OBJC_MSGSEND = YES;
				ENABLE_TESTABILITY = YES;
				GCC_C_LANGUAGE_STANDARD = gnu99;
				GCC_DYNAMIC_NO_PIC = NO;
				GCC_NO_COMMON_BLOCKS = YES;
				GCC_OPTIMIZATION_LEVEL = 0;
				GCC_PREPROCESSOR_DEFINITIONS = (
					"DEBUG=1",
					"$(inherited)",
				);
				GCC_WARN_64_TO_32_BIT_CONVERSION = YES;
				GCC_WARN_ABOUT_RETURN_TYPE = YES_ERROR;
				GCC_WARN_UNDECLARED_SELECTOR = YES;
				GCC_WARN_UNINITIALIZED_AUTOS = YES_AGGRESSIVE;
				GCC_WARN_UNUSED_FUNCTION = YES;
				GCC_WARN_UNUSED_VARIABLE = YES;
				IPHONEOS_DEPLOYMENT_TARGET = 9.2;
				MTL_ENABLE_DEBUG_INFO = YES;
				ONLY_ACTIVE_ARCH = YES;
				SDKROOT = iphoneos;
				SWIFT_OPTIMIZATION_LEVEL = "-Onone";
			};
			name = Debug;
		};
		677590E71C906D550020BFD4 /* Release */ = {
			isa = XCBuildConfiguration;
			buildSettings = {
				ALWAYS_SEARCH_USER_PATHS = NO;
				CLANG_CXX_LANGUAGE_STANDARD = "gnu++0x";
				CLANG_CXX_LIBRARY = "libc++";
				CLANG_ENABLE_MODULES = YES;
				CLANG_ENABLE_OBJC_ARC = YES;
				CLANG_WARN_BOOL_CONVERSION = YES;
				CLANG_WARN_CONSTANT_CONVERSION = YES;
				CLANG_WARN_DIRECT_OBJC_ISA_USAGE = YES_ERROR;
				CLANG_WARN_EMPTY_BODY = YES;
				CLANG_WARN_ENUM_CONVERSION = YES;
				CLANG_WARN_INT_CONVERSION = YES;
				CLANG_WARN_OBJC_ROOT_CLASS = YES_ERROR;
				CLANG_WARN_UNREACHABLE_CODE = YES;
				CLANG_WARN__DUPLICATE_METHOD_MATCH = YES;
				"CODE_SIGN_IDENTITY[sdk=iphoneos*]" = "iPhone Developer";
				COPY_PHASE_STRIP = NO;
				DEBUG_INFORMATION_FORMAT = "dwarf-with-dsym";
				ENABLE_NS_ASSERTIONS = NO;
				ENABLE_STRICT_OBJC_MSGSEND = YES;
				GCC_C_LANGUAGE_STANDARD = gnu99;
				GCC_NO_COMMON_BLOCKS = YES;
				GCC_WARN_64_TO_32_BIT_CONVERSION = YES;
				GCC_WARN_ABOUT_RETURN_TYPE = YES_ERROR;
				GCC_WARN_UNDECLARED_SELECTOR = YES;
				GCC_WARN_UNINITIALIZED_AUTOS = YES_AGGRESSIVE;
				GCC_WARN_UNUSED_FUNCTION = YES;
				GCC_WARN_UNUSED_VARIABLE = YES;
				IPHONEOS_DEPLOYMENT_TARGET = 9.2;
				MTL_ENABLE_DEBUG_INFO = NO;
				SDKROOT = iphoneos;
				VALIDATE_PRODUCT = YES;
			};
			name = Release;
		};
		677590E91C906D550020BFD4 /* Debug */ = {
			isa = XCBuildConfiguration;
			buildSettings = {
				ASSETCATALOG_COMPILER_APPICON_NAME = AppIcon;
				CODE_SIGN_IDENTITY = "iPhone Developer";
				FRAMEWORK_SEARCH_PATHS = (
					"$(inherited)",
					"$(PROJECT_DIR)",
				);
				INFOPLIST_FILE = Counter/Info.plist;
				IPHONEOS_DEPLOYMENT_TARGET = 8.2;
				LD_RUNPATH_SEARCH_PATHS = "$(inherited) @executable_path/Frameworks";
				PRODUCT_BUNDLE_IDENTIFIER = "com.Thiago-Tosetti-Lopes.Counter";
				PRODUCT_NAME = "$(TARGET_NAME)";
			};
			name = Debug;
		};
		677590EA1C906D550020BFD4 /* Release */ = {
			isa = XCBuildConfiguration;
			buildSettings = {
				ASSETCATALOG_COMPILER_APPICON_NAME = AppIcon;
				CODE_SIGN_IDENTITY = "iPhone Developer";
				FRAMEWORK_SEARCH_PATHS = (
					"$(inherited)",
					"$(PROJECT_DIR)",
				);
				INFOPLIST_FILE = Counter/Info.plist;
				IPHONEOS_DEPLOYMENT_TARGET = 8.2;
				LD_RUNPATH_SEARCH_PATHS = "$(inherited) @executable_path/Frameworks";
				PRODUCT_BUNDLE_IDENTIFIER = "com.Thiago-Tosetti-Lopes.Counter";
				PRODUCT_NAME = "$(TARGET_NAME)";
			};
			name = Release;
		};
/* End XCBuildConfiguration section */

/* Begin XCConfigurationList section */
		677590D11C906D540020BFD4 /* Build configuration list for PBXProject "Counter" */ = {
			isa = XCConfigurationList;
			buildConfigurations = (
				677590E61C906D550020BFD4 /* Debug */,
				677590E71C906D550020BFD4 /* Release */,
			);
			defaultConfigurationIsVisible = 0;
			defaultConfigurationName = Release;
		};
		677590E81C906D550020BFD4 /* Build configuration list for PBXNativeTarget "Counter" */ = {
			isa = XCConfigurationList;
			buildConfigurations = (
				677590E91C906D550020BFD4 /* Debug */,
				677590EA1C906D550020BFD4 /* Release */,
			);
			defaultConfigurationIsVisible = 0;
			defaultConfigurationName = Release;
		};
/* End XCConfigurationList section */
	};
	rootObject = 677590CE1C906D540020BFD4 /* Project object */;
}
